
Microsoft Visual Studio Solution File, Format Version 12.00
# Visual Studio Version 17
VisualStudioVersion = 17.13.35825.156 d17.13
MinimumVisualStudioVersion = 10.0.40219.1
Project("{FAE04EC0-301F-11D3-BF4B-00C04F79EFBC}") = "webapi-agende-mais", "webapi-agende-mais.csproj", "{66FD6D0C-B935-4ECE-B51F-705AED9EB060}"
EndProject
Global
	GlobalSection(SolutionConfigurationPlatforms) = preSolution
		Debug|Any CPU = Debug|Any CPU
		Release|Any CPU = Release|Any CPU
	EndGlobalSection
	GlobalSection(ProjectConfigurationPlatforms) = postSolution
		{66FD6D0C-B935-4ECE-B51F-705AED9EB060}.Debug|Any CPU.ActiveCfg = Debug|Any CPU
		{66FD6D0C-B935-4ECE-B51F-705AED9EB060}.Debug|Any CPU.Build.0 = Debug|Any CPU
		{66FD6D0C-B935-4ECE-B51F-705AED9EB060}.Release|Any CPU.ActiveCfg = Release|Any CPU
		{66FD6D0C-B935-4ECE-B51F-705AED9EB060}.Release|Any CPU.Build.0 = Release|Any CPU
	EndGlobalSection
	GlobalSection(SolutionProperties) = preSolution
		HideSolutionNode = FALSE
	EndGlobalSection
	GlobalSection(ExtensibilityGlobals) = postSolution
		SolutionGuid = {D099E7D6-76A1-4E45-8910-9BE49ADAD1C0}
	EndGlobalSection
EndGlobal
